// !$*UTF8*$!
{
	archiveVersion = 1;
	classes = {
	};
	objectVersion = 46;
	objects = {

/* Begin PBXBuildFile section */
		953347781ACA799D00BBC8AC /* sumi.png in Resources */ = {isa = PBXBuildFile; fileRef = 953347771ACA799D00BBC8AC /* sumi.png */; };
		9533477A1ACA89BB00BBC8AC /* noimage.png in Resources */ = {isa = PBXBuildFile; fileRef = 953347791ACA89BB00BBC8AC /* noimage.png */; };
		9550AF211AD6BAE300C386FA /* libsqlite3.0.dylib in Frameworks */ = {isa = PBXBuildFile; fileRef = 9550AF201AD6BAE300C386FA /* libsqlite3.0.dylib */; };
		9550AF231AD6BF2F00C386FA /* green100.png in Resources */ = {isa = PBXBuildFile; fileRef = 9550AF221AD6BF2F00C386FA /* green100.png */; };
		9550AF2B1AD6C5C800C386FA /* yellow40.png in Resources */ = {isa = PBXBuildFile; fileRef = 9550AF241AD6C5C800C386FA /* yellow40.png */; };
		9550AF2C1AD6C5C800C386FA /* yellow50.png in Resources */ = {isa = PBXBuildFile; fileRef = 9550AF251AD6C5C800C386FA /* yellow50.png */; };
		9550AF2D1AD6C5C800C386FA /* yellow60.png in Resources */ = {isa = PBXBuildFile; fileRef = 9550AF261AD6C5C800C386FA /* yellow60.png */; };
		9550AF2E1AD6C5C800C386FA /* yellow70.png in Resources */ = {isa = PBXBuildFile; fileRef = 9550AF271AD6C5C800C386FA /* yellow70.png */; };
		9550AF2F1AD6C5C800C386FA /* yellow80.png in Resources */ = {isa = PBXBuildFile; fileRef = 9550AF281AD6C5C800C386FA /* yellow80.png */; };
		9550AF301AD6C5C800C386FA /* yellow90.png in Resources */ = {isa = PBXBuildFile; fileRef = 9550AF291AD6C5C800C386FA /* yellow90.png */; };
		9550AF311AD6C5C800C386FA /* yellow100.png in Resources */ = {isa = PBXBuildFile; fileRef = 9550AF2A1AD6C5C800C386FA /* yellow100.png */; };
		9554E0B61AC9150500FC5C11 /* CustomCell.swift in Sources */ = {isa = PBXBuildFile; fileRef = 9554E0B51AC9150500FC5C11 /* CustomCell.swift */; };
		955C230D1AC9139D007E291B /* AppDelegate.swift in Sources */ = {isa = PBXBuildFile; fileRef = 955C230C1AC9139D007E291B /* AppDelegate.swift */; };
		955C230F1AC9139D007E291B /* ViewController.swift in Sources */ = {isa = PBXBuildFile; fileRef = 955C230E1AC9139D007E291B /* ViewController.swift */; };
		955C23121AC9139D007E291B /* Main.storyboard in Resources */ = {isa = PBXBuildFile; fileRef = 955C23101AC9139D007E291B /* Main.storyboard */; };
		955C23141AC9139D007E291B /* Images.xcassets in Resources */ = {isa = PBXBuildFile; fileRef = 955C23131AC9139D007E291B /* Images.xcassets */; };
		955C23171AC9139D007E291B /* LaunchScreen.xib in Resources */ = {isa = PBXBuildFile; fileRef = 955C23151AC9139D007E291B /* LaunchScreen.xib */; };
		955C23231AC9139D007E291B /* StampItTests.swift in Sources */ = {isa = PBXBuildFile; fileRef = 955C23221AC9139D007E291B /* StampItTests.swift */; };
		958294401AD6648100CEBFA0 /* green40.png in Resources */ = {isa = PBXBuildFile; fileRef = 9582943A1AD6648100CEBFA0 /* green40.png */; };
		958294411AD6648100CEBFA0 /* green50.png in Resources */ = {isa = PBXBuildFile; fileRef = 9582943B1AD6648100CEBFA0 /* green50.png */; };
		958294421AD6648100CEBFA0 /* green60.png in Resources */ = {isa = PBXBuildFile; fileRef = 9582943C1AD6648100CEBFA0 /* green60.png */; };
		958294431AD6648100CEBFA0 /* green70.png in Resources */ = {isa = PBXBuildFile; fileRef = 9582943D1AD6648100CEBFA0 /* green70.png */; };
		958294441AD6648100CEBFA0 /* green80.png in Resources */ = {isa = PBXBuildFile; fileRef = 9582943E1AD6648100CEBFA0 /* green80.png */; };
		958294451AD6648100CEBFA0 /* green90.png in Resources */ = {isa = PBXBuildFile; fileRef = 9582943F1AD6648100CEBFA0 /* green90.png */; };
		95E494701AC9184400E4D352 /* SwiftData.swift in Sources */ = {isa = PBXBuildFile; fileRef = 95E4946E1AC9184400E4D352 /* SwiftData.swift */; };
		95E494711AC9184400E4D352 /* json.swift in Sources */ = {isa = PBXBuildFile; fileRef = 95E4946F1AC9184400E4D352 /* json.swift */; };
		95E494771AC9186F00E4D352 /* HistoryModel.swift in Sources */ = {isa = PBXBuildFile; fileRef = 95E494731AC9186F00E4D352 /* HistoryModel.swift */; };
		95E494781AC9186F00E4D352 /* StampModel.swift in Sources */ = {isa = PBXBuildFile; fileRef = 95E494741AC9186F00E4D352 /* StampModel.swift */; };
		95E494791AC9186F00E4D352 /* VersionModel.swift in Sources */ = {isa = PBXBuildFile; fileRef = 95E494751AC9186F00E4D352 /* VersionModel.swift */; };
		95E4947A1AC9186F00E4D352 /* TournamentModel.swift in Sources */ = {isa = PBXBuildFile; fileRef = 95E494761AC9186F00E4D352 /* TournamentModel.swift */; };
		EB567BD177EC4A84FDF9D96B /* libPods.a in Frameworks */ = {isa = PBXBuildFile; fileRef = 3FF9E10B6CB9736A31AB6383 /* libPods.a */; };
/* End PBXBuildFile section */

/* Begin PBXContainerItemProxy section */
		955C231D1AC9139D007E291B /* PBXContainerItemProxy */ = {
			isa = PBXContainerItemProxy;
			containerPortal = 955C22FF1AC9139D007E291B /* Project object */;
			proxyType = 1;
			remoteGlobalIDString = 955C23061AC9139D007E291B;
			remoteInfo = StampIt;
		};
/* End PBXContainerItemProxy section */

/* Begin PBXFileReference section */
		3FF9E10B6CB9736A31AB6383 /* libPods.a */ = {isa = PBXFileReference; explicitFileType = archive.ar; includeInIndex = 0; path = libPods.a; sourceTree = BUILT_PRODUCTS_DIR; };
		7943AE829770658B3953EA93 /* Pods.debug.xcconfig */ = {isa = PBXFileReference; includeInIndex = 1; lastKnownFileType = text.xcconfig; name = Pods.debug.xcconfig; path = "Pods/Target Support Files/Pods/Pods.debug.xcconfig"; sourceTree = "<group>"; };
		953347771ACA799D00BBC8AC /* sumi.png */ = {isa = PBXFileReference; lastKnownFileType = image.png; path = sumi.png; sourceTree = "<group>"; };
		953347791ACA89BB00BBC8AC /* noimage.png */ = {isa = PBXFileReference; lastKnownFileType = image.png; path = noimage.png; sourceTree = "<group>"; };
		9550AF201AD6BAE300C386FA /* libsqlite3.0.dylib */ = {isa = PBXFileReference; lastKnownFileType = "compiled.mach-o.dylib"; name = libsqlite3.0.dylib; path = usr/lib/libsqlite3.0.dylib; sourceTree = SDKROOT; };
		9550AF221AD6BF2F00C386FA /* green100.png */ = {isa = PBXFileReference; lastKnownFileType = image.png; path = green100.png; sourceTree = "<group>"; };
		9550AF241AD6C5C800C386FA /* yellow40.png */ = {isa = PBXFileReference; lastKnownFileType = image.png; path = yellow40.png; sourceTree = "<group>"; };
		9550AF251AD6C5C800C386FA /* yellow50.png */ = {isa = PBXFileReference; lastKnownFileType = image.png; path = yellow50.png; sourceTree = "<group>"; };
		9550AF261AD6C5C800C386FA /* yellow60.png */ = {isa = PBXFileReference; lastKnownFileType = image.png; path = yellow60.png; sourceTree = "<group>"; };
		9550AF271AD6C5C800C386FA /* yellow70.png */ = {isa = PBXFileReference; lastKnownFileType = image.png; path = yellow70.png; sourceTree = "<group>"; };
		9550AF281AD6C5C800C386FA /* yellow80.png */ = {isa = PBXFileReference; lastKnownFileType = image.png; path = yellow80.png; sourceTree = "<group>"; };
		9550AF291AD6C5C800C386FA /* yellow90.png */ = {isa = PBXFileReference; lastKnownFileType = image.png; path = yellow90.png; sourceTree = "<group>"; };
		9550AF2A1AD6C5C800C386FA /* yellow100.png */ = {isa = PBXFileReference; lastKnownFileType = image.png; path = yellow100.png; sourceTree = "<group>"; };
		9554E0B51AC9150500FC5C11 /* CustomCell.swift */ = {isa = PBXFileReference; fileEncoding = 4; lastKnownFileType = sourcecode.swift; path = CustomCell.swift; sourceTree = "<group>"; };
		955C23071AC9139D007E291B /* StampIt.app */ = {isa = PBXFileReference; explicitFileType = wrapper.application; includeInIndex = 0; path = StampIt.app; sourceTree = BUILT_PRODUCTS_DIR; };
		955C230B1AC9139D007E291B /* Info.plist */ = {isa = PBXFileReference; lastKnownFileType = text.plist.xml; path = Info.plist; sourceTree = "<group>"; };
		955C230C1AC9139D007E291B /* AppDelegate.swift */ = {isa = PBXFileReference; lastKnownFileType = sourcecode.swift; path = AppDelegate.swift; sourceTree = "<group>"; };
		955C230E1AC9139D007E291B /* ViewController.swift */ = {isa = PBXFileReference; lastKnownFileType = sourcecode.swift; path = ViewController.swift; sourceTree = "<group>"; };
		955C23111AC9139D007E291B /* Base */ = {isa = PBXFileReference; lastKnownFileType = file.storyboard; name = Base; path = Base.lproj/Main.storyboard; sourceTree = "<group>"; };
		955C23131AC9139D007E291B /* Images.xcassets */ = {isa = PBXFileReference; lastKnownFileType = folder.assetcatalog; path = Images.xcassets; sourceTree = "<group>"; };
		955C23161AC9139D007E291B /* Base */ = {isa = PBXFileReference; lastKnownFileType = file.xib; name = Base; path = Base.lproj/LaunchScreen.xib; sourceTree = "<group>"; };
		955C231C1AC9139D007E291B /* StampItTests.xctest */ = {isa = PBXFileReference; explicitFileType = wrapper.cfbundle; includeInIndex = 0; path = StampItTests.xctest; sourceTree = BUILT_PRODUCTS_DIR; };
		955C23211AC9139D007E291B /* Info.plist */ = {isa = PBXFileReference; lastKnownFileType = text.plist.xml; path = Info.plist; sourceTree = "<group>"; };
		955C23221AC9139D007E291B /* StampItTests.swift */ = {isa = PBXFileReference; lastKnownFileType = sourcecode.swift; path = StampItTests.swift; sourceTree = "<group>"; };
		9582943A1AD6648100CEBFA0 /* green40.png */ = {isa = PBXFileReference; lastKnownFileType = image.png; path = green40.png; sourceTree = "<group>"; };
		9582943B1AD6648100CEBFA0 /* green50.png */ = {isa = PBXFileReference; lastKnownFileType = image.png; path = green50.png; sourceTree = "<group>"; };
		9582943C1AD6648100CEBFA0 /* green60.png */ = {isa = PBXFileReference; lastKnownFileType = image.png; path = green60.png; sourceTree = "<group>"; };
		9582943D1AD6648100CEBFA0 /* green70.png */ = {isa = PBXFileReference; lastKnownFileType = image.png; path = green70.png; sourceTree = "<group>"; };
		9582943E1AD6648100CEBFA0 /* green80.png */ = {isa = PBXFileReference; lastKnownFileType = image.png; path = green80.png; sourceTree = "<group>"; };
		9582943F1AD6648100CEBFA0 /* green90.png */ = {isa = PBXFileReference; lastKnownFileType = image.png; path = green90.png; sourceTree = "<group>"; };
		95B87CCB1AD6B870000C7F90 /* libsqlite3.dylib */ = {isa = PBXFileReference; lastKnownFileType = "compiled.mach-o.dylib"; name = libsqlite3.dylib; path = usr/lib/libsqlite3.dylib; sourceTree = SDKROOT; };
		95E4946E1AC9184400E4D352 /* SwiftData.swift */ = {isa = PBXFileReference; fileEncoding = 4; lastKnownFileType = sourcecode.swift; path = SwiftData.swift; sourceTree = "<group>"; };
		95E4946F1AC9184400E4D352 /* json.swift */ = {isa = PBXFileReference; fileEncoding = 4; lastKnownFileType = sourcecode.swift; path = json.swift; sourceTree = "<group>"; };
		95E494731AC9186F00E4D352 /* HistoryModel.swift */ = {isa = PBXFileReference; fileEncoding = 4; lastKnownFileType = sourcecode.swift; path = HistoryModel.swift; sourceTree = "<group>"; };
		95E494741AC9186F00E4D352 /* StampModel.swift */ = {isa = PBXFileReference; fileEncoding = 4; lastKnownFileType = sourcecode.swift; path = StampModel.swift; sourceTree = "<group>"; };
		95E494751AC9186F00E4D352 /* VersionModel.swift */ = {isa = PBXFileReference; fileEncoding = 4; lastKnownFileType = sourcecode.swift; path = VersionModel.swift; sourceTree = "<group>"; };
		95E494761AC9186F00E4D352 /* TournamentModel.swift */ = {isa = PBXFileReference; fileEncoding = 4; lastKnownFileType = sourcecode.swift; path = TournamentModel.swift; sourceTree = "<group>"; };
		95E4947B1AC918B000E4D352 /* StampIt-Bridging-Header.h */ = {isa = PBXFileReference; fileEncoding = 4; lastKnownFileType = sourcecode.c.h; path = "StampIt-Bridging-Header.h"; sourceTree = "<group>"; };
		EC28D219362A1DD725772A5F /* Pods.release.xcconfig */ = {isa = PBXFileReference; includeInIndex = 1; lastKnownFileType = text.xcconfig; name = Pods.release.xcconfig; path = "Pods/Target Support Files/Pods/Pods.release.xcconfig"; sourceTree = "<group>"; };
/* End PBXFileReference section */

/* Begin PBXFrameworksBuildPhase section */
		955C23041AC9139D007E291B /* Frameworks */ = {
			isa = PBXFrameworksBuildPhase;
			buildActionMask = 2147483647;
			files = (
				9550AF211AD6BAE300C386FA /* libsqlite3.0.dylib in Frameworks */,
				EB567BD177EC4A84FDF9D96B /* libPods.a in Frameworks */,
			);
			runOnlyForDeploymentPostprocessing = 0;
		};
		955C23191AC9139D007E291B /* Frameworks */ = {
			isa = PBXFrameworksBuildPhase;
			buildActionMask = 2147483647;
			files = (
			);
			runOnlyForDeploymentPostprocessing = 0;
		};
/* End PBXFrameworksBuildPhase section */

/* Begin PBXGroup section */
		5D5BC4F4981A8F24AB2759C1 /* Pods */ = {
			isa = PBXGroup;
			children = (
				7943AE829770658B3953EA93 /* Pods.debug.xcconfig */,
				EC28D219362A1DD725772A5F /* Pods.release.xcconfig */,
			);
			name = Pods;
			sourceTree = "<group>";
		};
		953347761ACA78F900BBC8AC /* Resource */ = {
			isa = PBXGroup;
			children = (
				9582943A1AD6648100CEBFA0 /* green40.png */,
				9582943B1AD6648100CEBFA0 /* green50.png */,
				9582943C1AD6648100CEBFA0 /* green60.png */,
				9550AF221AD6BF2F00C386FA /* green100.png */,
				9582943D1AD6648100CEBFA0 /* green70.png */,
				9550AF241AD6C5C800C386FA /* yellow40.png */,
				9550AF251AD6C5C800C386FA /* yellow50.png */,
				9550AF261AD6C5C800C386FA /* yellow60.png */,
				9550AF271AD6C5C800C386FA /* yellow70.png */,
				9550AF281AD6C5C800C386FA /* yellow80.png */,
				9550AF291AD6C5C800C386FA /* yellow90.png */,
				9550AF2A1AD6C5C800C386FA /* yellow100.png */,
				9582943E1AD6648100CEBFA0 /* green80.png */,
				9582943F1AD6648100CEBFA0 /* green90.png */,
				953347771ACA799D00BBC8AC /* sumi.png */,
				953347791ACA89BB00BBC8AC /* noimage.png */,
			);
			name = Resource;
			sourceTree = "<group>";
		};
		955C22FE1AC9139D007E291B = {
			isa = PBXGroup;
			children = (
				95B87CCB1AD6B870000C7F90 /* libsqlite3.dylib */,
				95E4947B1AC918B000E4D352 /* StampIt-Bridging-Header.h */,
				955C23091AC9139D007E291B /* StampIt */,
				955C231F1AC9139D007E291B /* StampItTests */,
				955C23081AC9139D007E291B /* Products */,
				5D5BC4F4981A8F24AB2759C1 /* Pods */,
				9A2478AFF2DCB0C52A197DEB /* Frameworks */,
			);
			sourceTree = "<group>";
		};
		955C23081AC9139D007E291B /* Products */ = {
			isa = PBXGroup;
			children = (
				955C23071AC9139D007E291B /* StampIt.app */,
				955C231C1AC9139D007E291B /* StampItTests.xctest */,
			);
			name = Products;
			sourceTree = "<group>";
		};
		955C23091AC9139D007E291B /* StampIt */ = {
			isa = PBXGroup;
			children = (
				953347761ACA78F900BBC8AC /* Resource */,
				95E494721AC9185200E4D352 /* SQLiteModels */,
				95E4946B1AC9180A00E4D352 /* Utility */,
				955C230C1AC9139D007E291B /* AppDelegate.swift */,
				955C230E1AC9139D007E291B /* ViewController.swift */,
				9554E0B51AC9150500FC5C11 /* CustomCell.swift */,
				955C23101AC9139D007E291B /* Main.storyboard */,
				955C23131AC9139D007E291B /* Images.xcassets */,
				955C23151AC9139D007E291B /* LaunchScreen.xib */,
				955C230A1AC9139D007E291B /* Supporting Files */,
			);
			path = StampIt;
			sourceTree = "<group>";
		};
		955C230A1AC9139D007E291B /* Supporting Files */ = {
			isa = PBXGroup;
			children = (
				955C230B1AC9139D007E291B /* Info.plist */,
			);
			name = "Supporting Files";
			sourceTree = "<group>";
		};
		955C231F1AC9139D007E291B /* StampItTests */ = {
			isa = PBXGroup;
			children = (
				955C23221AC9139D007E291B /* StampItTests.swift */,
				955C23201AC9139D007E291B /* Supporting Files */,
			);
			path = StampItTests;
			sourceTree = "<group>";
		};
		955C23201AC9139D007E291B /* Supporting Files */ = {
			isa = PBXGroup;
			children = (
				955C23211AC9139D007E291B /* Info.plist */,
			);
			name = "Supporting Files";
			sourceTree = "<group>";
		};
		95E4946B1AC9180A00E4D352 /* Utility */ = {
			isa = PBXGroup;
			children = (
				95E4946E1AC9184400E4D352 /* SwiftData.swift */,
				95E4946F1AC9184400E4D352 /* json.swift */,
			);
			name = Utility;
			sourceTree = "<group>";
		};
		95E494721AC9185200E4D352 /* SQLiteModels */ = {
			isa = PBXGroup;
			children = (
				95E494731AC9186F00E4D352 /* HistoryModel.swift */,
				95E494741AC9186F00E4D352 /* StampModel.swift */,
				95E494751AC9186F00E4D352 /* VersionModel.swift */,
				95E494761AC9186F00E4D352 /* TournamentModel.swift */,
			);
			name = SQLiteModels;
			sourceTree = "<group>";
		};
		9A2478AFF2DCB0C52A197DEB /* Frameworks */ = {
			isa = PBXGroup;
			children = (
				9550AF201AD6BAE300C386FA /* libsqlite3.0.dylib */,
				3FF9E10B6CB9736A31AB6383 /* libPods.a */,
			);
			name = Frameworks;
			sourceTree = "<group>";
		};
/* End PBXGroup section */

/* Begin PBXNativeTarget section */
		955C23061AC9139D007E291B /* StampIt */ = {
			isa = PBXNativeTarget;
			buildConfigurationList = 955C23261AC9139D007E291B /* Build configuration list for PBXNativeTarget "StampIt" */;
			buildPhases = (
				A527AFAEAD3149DCADAB2740 /* Check Pods Manifest.lock */,
				955C23031AC9139D007E291B /* Sources */,
				955C23041AC9139D007E291B /* Frameworks */,
				955C23051AC9139D007E291B /* Resources */,
				703F3B8F4B8BC7E2F1EFF653 /* Copy Pods Resources */,
			);
			buildRules = (
			);
			dependencies = (
			);
			name = StampIt;
			productName = StampIt;
			productReference = 955C23071AC9139D007E291B /* StampIt.app */;
			productType = "com.apple.product-type.application";
		};
		955C231B1AC9139D007E291B /* StampItTests */ = {
			isa = PBXNativeTarget;
			buildConfigurationList = 955C23291AC9139D007E291B /* Build configuration list for PBXNativeTarget "StampItTests" */;
			buildPhases = (
				955C23181AC9139D007E291B /* Sources */,
				955C23191AC9139D007E291B /* Frameworks */,
				955C231A1AC9139D007E291B /* Resources */,
			);
			buildRules = (
			);
			dependencies = (
				955C231E1AC9139D007E291B /* PBXTargetDependency */,
			);
			name = StampItTests;
			productName = StampItTests;
			productReference = 955C231C1AC9139D007E291B /* StampItTests.xctest */;
			productType = "com.apple.product-type.bundle.unit-test";
		};
/* End PBXNativeTarget section */

/* Begin PBXProject section */
		955C22FF1AC9139D007E291B /* Project object */ = {
			isa = PBXProject;
			attributes = {
				LastUpgradeCheck = 0620;
				ORGANIZATIONNAME = ShirakawaToshiaki;
				TargetAttributes = {
					955C23061AC9139D007E291B = {
						CreatedOnToolsVersion = 6.2;
					};
					955C231B1AC9139D007E291B = {
						CreatedOnToolsVersion = 6.2;
						TestTargetID = 955C23061AC9139D007E291B;
					};
				};
			};
			buildConfigurationList = 955C23021AC9139D007E291B /* Build configuration list for PBXProject "StampIt" */;
			compatibilityVersion = "Xcode 3.2";
			developmentRegion = English;
			hasScannedForEncodings = 0;
			knownRegions = (
				en,
				Base,
			);
			mainGroup = 955C22FE1AC9139D007E291B;
			productRefGroup = 955C23081AC9139D007E291B /* Products */;
			projectDirPath = "";
			projectRoot = "";
			targets = (
				955C23061AC9139D007E291B /* StampIt */,
				955C231B1AC9139D007E291B /* StampItTests */,
			);
		};
/* End PBXProject section */

/* Begin PBXResourcesBuildPhase section */
		955C23051AC9139D007E291B /* Resources */ = {
			isa = PBXResourcesBuildPhase;
			buildActionMask = 2147483647;
			files = (
				9550AF2D1AD6C5C800C386FA /* yellow60.png in Resources */,
				9550AF2F1AD6C5C800C386FA /* yellow80.png in Resources */,
				958294451AD6648100CEBFA0 /* green90.png in Resources */,
				9550AF2E1AD6C5C800C386FA /* yellow70.png in Resources */,
				958294431AD6648100CEBFA0 /* green70.png in Resources */,
				9533477A1ACA89BB00BBC8AC /* noimage.png in Resources */,
				9550AF301AD6C5C800C386FA /* yellow90.png in Resources */,
				955C23121AC9139D007E291B /* Main.storyboard in Resources */,
				953347781ACA799D00BBC8AC /* sumi.png in Resources */,
				958294401AD6648100CEBFA0 /* green40.png in Resources */,
				9550AF2C1AD6C5C800C386FA /* yellow50.png in Resources */,
				9550AF311AD6C5C800C386FA /* yellow100.png in Resources */,
				958294441AD6648100CEBFA0 /* green80.png in Resources */,
				955C23171AC9139D007E291B /* LaunchScreen.xib in Resources */,
				958294421AD6648100CEBFA0 /* green60.png in Resources */,
				9550AF2B1AD6C5C800C386FA /* yellow40.png in Resources */,
				9550AF231AD6BF2F00C386FA /* green100.png in Resources */,
				958294411AD6648100CEBFA0 /* green50.png in Resources */,
				955C23141AC9139D007E291B /* Images.xcassets in Resources */,
			);
			runOnlyForDeploymentPostprocessing = 0;
		};
		955C231A1AC9139D007E291B /* Resources */ = {
			isa = PBXResourcesBuildPhase;
			buildActionMask = 2147483647;
			files = (
			);
			runOnlyForDeploymentPostprocessing = 0;
		};
/* End PBXResourcesBuildPhase section */

/* Begin PBXShellScriptBuildPhase section */
		703F3B8F4B8BC7E2F1EFF653 /* Copy Pods Resources */ = {
			isa = PBXShellScriptBuildPhase;
			buildActionMask = 2147483647;
			files = (
			);
			inputPaths = (
			);
			name = "Copy Pods Resources";
			outputPaths = (
			);
			runOnlyForDeploymentPostprocessing = 0;
			shellPath = /bin/sh;
			shellScript = "\"${SRCROOT}/Pods/Target Support Files/Pods/Pods-resources.sh\"\n";
			showEnvVarsInLog = 0;
		};
		A527AFAEAD3149DCADAB2740 /* Check Pods Manifest.lock */ = {
			isa = PBXShellScriptBuildPhase;
			buildActionMask = 2147483647;
			files = (
			);
			inputPaths = (
			);
			name = "Check Pods Manifest.lock";
			outputPaths = (
			);
			runOnlyForDeploymentPostprocessing = 0;
			shellPath = /bin/sh;
			shellScript = "diff \"${PODS_ROOT}/../Podfile.lock\" \"${PODS_ROOT}/Manifest.lock\" > /dev/null\nif [[ $? != 0 ]] ; then\n    cat << EOM\nerror: The sandbox is not in sync with the Podfile.lock. Run 'pod install' or update your CocoaPods installation.\nEOM\n    exit 1\nfi\n";
			showEnvVarsInLog = 0;
		};
/* End PBXShellScriptBuildPhase section */

/* Begin PBXSourcesBuildPhase section */
		955C23031AC9139D007E291B /* Sources */ = {
			isa = PBXSourcesBuildPhase;
			buildActionMask = 2147483647;
			files = (
				955C230F1AC9139D007E291B /* ViewController.swift in Sources */,
				95E494701AC9184400E4D352 /* SwiftData.swift in Sources */,
				95E494771AC9186F00E4D352 /* HistoryModel.swift in Sources */,
				95E494711AC9184400E4D352 /* json.swift in Sources */,
				95E4947A1AC9186F00E4D352 /* TournamentModel.swift in Sources */,
				95E494791AC9186F00E4D352 /* VersionModel.swift in Sources */,
				9554E0B61AC9150500FC5C11 /* CustomCell.swift in Sources */,
				955C230D1AC9139D007E291B /* AppDelegate.swift in Sources */,
				95E494781AC9186F00E4D352 /* StampModel.swift in Sources */,
			);
			runOnlyForDeploymentPostprocessing = 0;
		};
		955C23181AC9139D007E291B /* Sources */ = {
			isa = PBXSourcesBuildPhase;
			buildActionMask = 2147483647;
			files = (
				955C23231AC9139D007E291B /* StampItTests.swift in Sources */,
			);
			runOnlyForDeploymentPostprocessing = 0;
		};
/* End PBXSourcesBuildPhase section */

/* Begin PBXTargetDependency section */
		955C231E1AC9139D007E291B /* PBXTargetDependency */ = {
			isa = PBXTargetDependency;
			target = 955C23061AC9139D007E291B /* StampIt */;
			targetProxy = 955C231D1AC9139D007E291B /* PBXContainerItemProxy */;
		};
/* End PBXTargetDependency section */

/* Begin PBXVariantGroup section */
		955C23101AC9139D007E291B /* Main.storyboard */ = {
			isa = PBXVariantGroup;
			children = (
				955C23111AC9139D007E291B /* Base */,
			);
			name = Main.storyboard;
			sourceTree = "<group>";
		};
		955C23151AC9139D007E291B /* LaunchScreen.xib */ = {
			isa = PBXVariantGroup;
			children = (
				955C23161AC9139D007E291B /* Base */,
			);
			name = LaunchScreen.xib;
			sourceTree = "<group>";
		};
/* End PBXVariantGroup section */

/* Begin XCBuildConfiguration section */
		955C23241AC9139D007E291B /* Debug */ = {
			isa = XCBuildConfiguration;
			buildSettings = {
				ALWAYS_SEARCH_USER_PATHS = NO;
				CLANG_CXX_LANGUAGE_STANDARD = "gnu++0x";
				CLANG_CXX_LIBRARY = "libc++";
				CLANG_ENABLE_MODULES = YES;
				CLANG_ENABLE_OBJC_ARC = YES;
				CLANG_WARN_BOOL_CONVERSION = YES;
				CLANG_WARN_CONSTANT_CONVERSION = YES;
				CLANG_WARN_DIRECT_OBJC_ISA_USAGE = YES_ERROR;
				CLANG_WARN_EMPTY_BODY = YES;
				CLANG_WARN_ENUM_CONVERSION = YES;
				CLANG_WARN_INT_CONVERSION = YES;
				CLANG_WARN_OBJC_ROOT_CLASS = YES_ERROR;
				CLANG_WARN_UNREACHABLE_CODE = YES;
				CLANG_WARN__DUPLICATE_METHOD_MATCH = YES;
				"CODE_SIGN_IDENTITY[sdk=iphoneos*]" = "iPhone Developer";
				COPY_PHASE_STRIP = NO;
				ENABLE_STRICT_OBJC_MSGSEND = YES;
				GCC_C_LANGUAGE_STANDARD = gnu99;
				GCC_DYNAMIC_NO_PIC = NO;
				GCC_OPTIMIZATION_LEVEL = 0;
				GCC_PREPROCESSOR_DEFINITIONS = (
					"DEBUG=1",
					"$(inherited)",
				);
				GCC_SYMBOLS_PRIVATE_EXTERN = NO;
				GCC_WARN_64_TO_32_BIT_CONVERSION = YES;
				GCC_WARN_ABOUT_RETURN_TYPE = YES_ERROR;
				GCC_WARN_UNDECLARED_SELECTOR = YES;
				GCC_WARN_UNINITIALIZED_AUTOS = YES_AGGRESSIVE;
				GCC_WARN_UNUSED_FUNCTION = YES;
				GCC_WARN_UNUSED_VARIABLE = YES;
				IPHONEOS_DEPLOYMENT_TARGET = 8.2;
				MTL_ENABLE_DEBUG_INFO = YES;
				ONLY_ACTIVE_ARCH = YES;
				SDKROOT = iphoneos;
				SWIFT_OPTIMIZATION_LEVEL = "-Onone";
				TARGETED_DEVICE_FAMILY = "1,2";
			};
			name = Debug;
		};
		955C23251AC9139D007E291B /* Release */ = {
			isa = XCBuildConfiguration;
			buildSettings = {
				ALWAYS_SEARCH_USER_PATHS = NO;
				CLANG_CXX_LANGUAGE_STANDARD = "gnu++0x";
				CLANG_CXX_LIBRARY = "libc++";
				CLANG_ENABLE_MODULES = YES;
				CLANG_ENABLE_OBJC_ARC = YES;
				CLANG_WARN_BOOL_CONVERSION = YES;
				CLANG_WARN_CONSTANT_CONVERSION = YES;
				CLANG_WARN_DIRECT_OBJC_ISA_USAGE = YES_ERROR;
				CLANG_WARN_EMPTY_BODY = YES;
				CLANG_WARN_ENUM_CONVERSION = YES;
				CLANG_WARN_INT_CONVERSION = YES;
				CLANG_WARN_OBJC_ROOT_CLASS = YES_ERROR;
				CLANG_WARN_UNREACHABLE_CODE = YES;
				CLANG_WARN__DUPLICATE_METHOD_MATCH = YES;
				"CODE_SIGN_IDENTITY[sdk=iphoneos*]" = "iPhone Developer";
				COPY_PHASE_STRIP = NO;
				ENABLE_NS_ASSERTIONS = NO;
				ENABLE_STRICT_OBJC_MSGSEND = YES;
				GCC_C_LANGUAGE_STANDARD = gnu99;
				GCC_WARN_64_TO_32_BIT_CONVERSION = YES;
				GCC_WARN_ABOUT_RETURN_TYPE = YES_ERROR;
				GCC_WARN_UNDECLARED_SELECTOR = YES;
				GCC_WARN_UNINITIALIZED_AUTOS = YES_AGGRESSIVE;
				GCC_WARN_UNUSED_FUNCTION = YES;
				GCC_WARN_UNUSED_VARIABLE = YES;
				IPHONEOS_DEPLOYMENT_TARGET = 8.2;
				MTL_ENABLE_DEBUG_INFO = NO;
				SDKROOT = iphoneos;
				TARGETED_DEVICE_FAMILY = "1,2";
				VALIDATE_PRODUCT = YES;
			};
			name = Release;
		};
		955C23271AC9139D007E291B /* Debug */ = {
			isa = XCBuildConfiguration;
			baseConfigurationReference = 7943AE829770658B3953EA93 /* Pods.debug.xcconfig */;
			buildSettings = {
				ASSETCATALOG_COMPILER_APPICON_NAME = AppIcon;
				INFOPLIST_FILE = StampIt/Info.plist;
				LD_RUNPATH_SEARCH_PATHS = "$(inherited) @executable_path/Frameworks";
				LIBRARY_SEARCH_PATHS = (
					"$(inherited)",
					"$(PROJECT_DIR)",
				);
				PRODUCT_NAME = "$(TARGET_NAME)";
				SWIFT_OBJC_BRIDGING_HEADER = "StampIt-Bridging-Header.h";
			};
			name = Debug;
		};
		955C23281AC9139D007E291B /* Release */ = {
			isa = XCBuildConfiguration;
			baseConfigurationReference = EC28D219362A1DD725772A5F /* Pods.release.xcconfig */;
			buildSettings = {
				ASSETCATALOG_COMPILER_APPICON_NAME = AppIcon;
				INFOPLIST_FILE = StampIt/Info.plist;
				LD_RUNPATH_SEARCH_PATHS = "$(inherited) @executable_path/Frameworks";
				LIBRARY_SEARCH_PATHS = (
					"$(inherited)",
					"$(PROJECT_DIR)",
				);
				PRODUCT_NAME = "$(TARGET_NAME)";
				SWIFT_OBJC_BRIDGING_HEADER = "StampIt-Bridging-Header.h";
			};
			name = Release;
		};
		955C232A1AC9139D007E291B /* Debug */ = {
			isa = XCBuildConfiguration;
			buildSettings = {
				BUNDLE_LOADER = "$(TEST_HOST)";
				FRAMEWORK_SEARCH_PATHS = (
					"$(SDKROOT)/Developer/Library/Frameworks",
					"$(inherited)",
				);
				GCC_PREPROCESSOR_DEFINITIONS = (
					"DEBUG=1",
					"$(inherited)",
				);
				INFOPLIST_FILE = StampItTests/Info.plist;
				LD_RUNPATH_SEARCH_PATHS = "$(inherited) @executable_path/Frameworks @loader_path/Frameworks";
				PRODUCT_NAME = "$(TARGET_NAME)";
				TEST_HOST = "$(BUILT_PRODUCTS_DIR)/StampIt.app/StampIt";
			};
			name = Debug;
		};
		955C232B1AC9139D007E291B /* Release */ = {
			isa = XCBuildConfiguration;
			buildSettings = {
				BUNDLE_LOADER = "$(TEST_HOST)";
				FRAMEWORK_SEARCH_PATHS = (
					"$(SDKROOT)/Developer/Library/Frameworks",
					"$(inherited)",
				);
				INFOPLIST_FILE = StampItTests/Info.plist;
				LD_RUNPATH_SEARCH_PATHS = "$(inherited) @executable_path/Frameworks @loader_path/Frameworks";
				PRODUCT_NAME = "$(TARGET_NAME)";
				TEST_HOST = "$(BUILT_PRODUCTS_DIR)/StampIt.app/StampIt";
			};
			name = Release;
		};
/* End XCBuildConfiguration section */

/* Begin XCConfigurationList section */
		955C23021AC9139D007E291B /* Build configuration list for PBXProject "StampIt" */ = {
			isa = XCConfigurationList;
			buildConfigurations = (
				955C23241AC9139D007E291B /* Debug */,
				955C23251AC9139D007E291B /* Release */,
			);
			defaultConfigurationIsVisible = 0;
			defaultConfigurationName = Release;
		};
		955C23261AC9139D007E291B /* Build configuration list for PBXNativeTarget "StampIt" */ = {
			isa = XCConfigurationList;
			buildConfigurations = (
				955C23271AC9139D007E291B /* Debug */,
				955C23281AC9139D007E291B /* Release */,
			);
			defaultConfigurationIsVisible = 0;
			defaultConfigurationName = Release;
		};
		955C23291AC9139D007E291B /* Build configuration list for PBXNativeTarget "StampItTests" */ = {
			isa = XCConfigurationList;
			buildConfigurations = (
				955C232A1AC9139D007E291B /* Debug */,
				955C232B1AC9139D007E291B /* Release */,
			);
			defaultConfigurationIsVisible = 0;
			defaultConfigurationName = Release;
		};
/* End XCConfigurationList section */
	};
	rootObject = 955C22FF1AC9139D007E291B /* Project object */;
}
